PODS:
  - Charts (3.1.1):
    - Charts/Core (= 3.1.1)
  - Charts/Core (3.1.1)
  - JTAppleCalendar (7.1.5)

DEPENDENCIES:
  - Charts
  - JTAppleCalendar (~> 7.0)

SPEC REPOS:
  https://github.com/cocoapods/specs.git:
    - Charts
    - JTAppleCalendar

SPEC CHECKSUMS:
  Charts: 90a4d61da0f6e06684c591e3bcab11940fe61736
  JTAppleCalendar: 2d4f974f9f3c8b4964d51ca1f6e004883c031fbe

PODFILE CHECKSUM: 61fb2bdb1175e2405132958fcb0fcf88846e070d

COCOAPODS: 1.5.3
